// !$*UTF8*$!
{
	archiveVersion = 1;
	classes = {
	};
	objectVersion = 48;
	objects = {

/* Begin PBXBuildFile section */
		F770D7CC204AD76700AB6AD5 /* AppDelegate.m in Sources */ = {isa = PBXBuildFile; fileRef = F770D7CB204AD76700AB6AD5 /* AppDelegate.m */; };
		F770D7CF204AD76700AB6AD5 /* ViewController.m in Sources */ = {isa = PBXBuildFile; fileRef = F770D7CE204AD76700AB6AD5 /* ViewController.m */; };
		F770D7D2204AD76700AB6AD5 /* Main.storyboard in Resources */ = {isa = PBXBuildFile; fileRef = F770D7D0204AD76700AB6AD5 /* Main.storyboard */; };
		F770D7D4204AD76700AB6AD5 /* Assets.xcassets in Resources */ = {isa = PBXBuildFile; fileRef = F770D7D3204AD76700AB6AD5 /* Assets.xcassets */; };
		F770D7D7204AD76700AB6AD5 /* LaunchScreen.storyboard in Resources */ = {isa = PBXBuildFile; fileRef = F770D7D5204AD76700AB6AD5 /* LaunchScreen.storyboard */; };
		F770D7DA204AD76700AB6AD5 /* main.m in Sources */ = {isa = PBXBuildFile; fileRef = F770D7D9204AD76700AB6AD5 /* main.m */; };
		F770D7E4204AD76700AB6AD5 /* Test_gitTests.m in Sources */ = {isa = PBXBuildFile; fileRef = F770D7E3204AD76700AB6AD5 /* Test_gitTests.m */; };
		F770D7EF204AD76700AB6AD5 /* Test_gitUITests.m in Sources */ = {isa = PBXBuildFile; fileRef = F770D7EE204AD76700AB6AD5 /* Test_gitUITests.m */; };
/* End PBXBuildFile section */

/* Begin PBXContainerItemProxy section */
		F770D7E0204AD76700AB6AD5 /* PBXContainerItemProxy */ = {
			isa = PBXContainerItemProxy;
			containerPortal = F770D7BF204AD76700AB6AD5 /* Project object */;
			proxyType = 1;
			remoteGlobalIDString = F770D7C6204AD76700AB6AD5;
			remoteInfo = Test_git;
		};
		F770D7EB204AD76700AB6AD5 /* PBXContainerItemProxy */ = {
			isa = PBXContainerItemProxy;
			containerPortal = F770D7BF204AD76700AB6AD5 /* Project object */;
			proxyType = 1;
			remoteGlobalIDString = F770D7C6204AD76700AB6AD5;
			remoteInfo = Test_git;
		};
/* End PBXContainerItemProxy section */

/* Begin PBXFileReference section */
		F770D7C7204AD76700AB6AD5 /* Test_git.app */ = {isa = PBXFileReference; explicitFileType = wrapper.application; includeInIndex = 0; path = Test_git.app; sourceTree = BUILT_PRODUCTS_DIR; };
		F770D7CA204AD76700AB6AD5 /* AppDelegate.h */ = {isa = PBXFileReference; lastKnownFileType = sourcecode.c.h; path = AppDelegate.h; sourceTree = "<group>"; };
		F770D7CB204AD76700AB6AD5 /* AppDelegate.m */ = {isa = PBXFileReference; lastKnownFileType = sourcecode.c.objc; path = AppDelegate.m; sourceTree = "<group>"; };
		F770D7CD204AD76700AB6AD5 /* ViewController.h */ = {isa = PBXFileReference; lastKnownFileType = sourcecode.c.h; path = ViewController.h; sourceTree = "<group>"; };
		F770D7CE204AD76700AB6AD5 /* ViewController.m */ = {isa = PBXFileReference; lastKnownFileType = sourcecode.c.objc; path = ViewController.m; sourceTree = "<group>"; };
		F770D7D1204AD76700AB6AD5 /* Base */ = {isa = PBXFileReference; lastKnownFileType = file.storyboard; name = Base; path = Base.lproj/Main.storyboard; sourceTree = "<group>"; };
		F770D7D3204AD76700AB6AD5 /* Assets.xcassets */ = {isa = PBXFileReference; lastKnownFileType = folder.assetcatalog; path = Assets.xcassets; sourceTree = "<group>"; };
		F770D7D6204AD76700AB6AD5 /* Base */ = {isa = PBXFileReference; lastKnownFileType = file.storyboard; name = Base; path = Base.lproj/LaunchScreen.storyboard; sourceTree = "<group>"; };
		F770D7D8204AD76700AB6AD5 /* Info.plist */ = {isa = PBXFileReference; lastKnownFileType = text.plist.xml; path = Info.plist; sourceTree = "<group>"; };
		F770D7D9204AD76700AB6AD5 /* main.m */ = {isa = PBXFileReference; lastKnownFileType = sourcecode.c.objc; path = main.m; sourceTree = "<group>"; };
		F770D7DF204AD76700AB6AD5 /* Test_gitTests.xctest */ = {isa = PBXFileReference; explicitFileType = wrapper.cfbundle; includeInIndex = 0; path = Test_gitTests.xctest; sourceTree = BUILT_PRODUCTS_DIR; };
		F770D7E3204AD76700AB6AD5 /* Test_gitTests.m */ = {isa = PBXFileReference; lastKnownFileType = sourcecode.c.objc; path = Test_gitTests.m; sourceTree = "<group>"; };
		F770D7E5204AD76700AB6AD5 /* Info.plist */ = {isa = PBXFileReference; lastKnownFileType = text.plist.xml; path = Info.plist; sourceTree = "<group>"; };
		F770D7EA204AD76700AB6AD5 /* Test_gitUITests.xctest */ = {isa = PBXFileReference; explicitFileType = wrapper.cfbundle; includeInIndex = 0; path = Test_gitUITests.xctest; sourceTree = BUILT_PRODUCTS_DIR; };
		F770D7EE204AD76700AB6AD5 /* Test_gitUITests.m */ = {isa = PBXFileReference; lastKnownFileType = sourcecode.c.objc; path = Test_gitUITests.m; sourceTree = "<group>"; };
		F770D7F0204AD76700AB6AD5 /* Info.plist */ = {isa = PBXFileReference; lastKnownFileType = text.plist.xml; path = Info.plist; sourceTree = "<group>"; };
/* End PBXFileReference section */

/* Begin PBXFrameworksBuildPhase section */
		F770D7C4204AD76700AB6AD5 /* Frameworks */ = {
			isa = PBXFrameworksBuildPhase;
			buildActionMask = 2147483647;
			files = (
			);
			runOnlyForDeploymentPostprocessing = 0;
		};
		F770D7DC204AD76700AB6AD5 /* Frameworks */ = {
			isa = PBXFrameworksBuildPhase;
			buildActionMask = 2147483647;
			files = (
			);
			runOnlyForDeploymentPostprocessing = 0;
		};
		F770D7E7204AD76700AB6AD5 /* Frameworks */ = {
			isa = PBXFrameworksBuildPhase;
			buildActionMask = 2147483647;
			files = (
			);
			runOnlyForDeploymentPostprocessing = 0;
		};
/* End PBXFrameworksBuildPhase section */

/* Begin PBXGroup section */
		F770D7BE204AD76700AB6AD5 = {
			isa = PBXGroup;
			children = (
				F770D7C9204AD76700AB6AD5 /* Test_git */,
				F770D7E2204AD76700AB6AD5 /* Test_gitTests */,
				F770D7ED204AD76700AB6AD5 /* Test_gitUITests */,
				F770D7C8204AD76700AB6AD5 /* Products */,
			);
			sourceTree = "<group>";
		};
		F770D7C8204AD76700AB6AD5 /* Products */ = {
			isa = PBXGroup;
			children = (
				F770D7C7204AD76700AB6AD5 /* Test_git.app */,
				F770D7DF204AD76700AB6AD5 /* Test_gitTests.xctest */,
				F770D7EA204AD76700AB6AD5 /* Test_gitUITests.xctest */,
			);
			name = Products;
			sourceTree = "<group>";
		};
		F770D7C9204AD76700AB6AD5 /* Test_git */ = {
			isa = PBXGroup;
			children = (
				F770D7CA204AD76700AB6AD5 /* AppDelegate.h */,
				F770D7CB204AD76700AB6AD5 /* AppDelegate.m */,
				F770D7CD204AD76700AB6AD5 /* ViewController.h */,
				F770D7CE204AD76700AB6AD5 /* ViewController.m */,
				F770D7D0204AD76700AB6AD5 /* Main.storyboard */,
				F770D7D3204AD76700AB6AD5 /* Assets.xcassets */,
				F770D7D5204AD76700AB6AD5 /* LaunchScreen.storyboard */,
				F770D7D8204AD76700AB6AD5 /* Info.plist */,
				F770D7D9204AD76700AB6AD5 /* main.m */,
			);
			path = Test_git;
			sourceTree = "<group>";
		};
		F770D7E2204AD76700AB6AD5 /* Test_gitTests */ = {
			isa = PBXGroup;
			children = (
				F770D7E3204AD76700AB6AD5 /* Test_gitTests.m */,
				F770D7E5204AD76700AB6AD5 /* Info.plist */,
			);
			path = Test_gitTests;
			sourceTree = "<group>";
		};
		F770D7ED204AD76700AB6AD5 /* Test_gitUITests */ = {
			isa = PBXGroup;
			children = (
				F770D7EE204AD76700AB6AD5 /* Test_gitUITests.m */,
				F770D7F0204AD76700AB6AD5 /* Info.plist */,
			);
			path = Test_gitUITests;
			sourceTree = "<group>";
		};
/* End PBXGroup section */

/* Begin PBXNativeTarget section */
		F770D7C6204AD76700AB6AD5 /* Test_git */ = {
			isa = PBXNativeTarget;
			buildConfigurationList = F770D7F3204AD76700AB6AD5 /* Build configuration list for PBXNativeTarget "Test_git" */;
			buildPhases = (
				F770D7C3204AD76700AB6AD5 /* Sources */,
				F770D7C4204AD76700AB6AD5 /* Frameworks */,
				F770D7C5204AD76700AB6AD5 /* Resources */,
			);
			buildRules = (
			);
			dependencies = (
			);
			name = Test_git;
			productName = Test_git;
			productReference = F770D7C7204AD76700AB6AD5 /* Test_git.app */;
			productType = "com.apple.product-type.application";
		};
		F770D7DE204AD76700AB6AD5 /* Test_gitTests */ = {
			isa = PBXNativeTarget;
			buildConfigurationList = F770D7F6204AD76700AB6AD5 /* Build configuration list for PBXNativeTarget "Test_gitTests" */;
			buildPhases = (
				F770D7DB204AD76700AB6AD5 /* Sources */,
				F770D7DC204AD76700AB6AD5 /* Frameworks */,
				F770D7DD204AD76700AB6AD5 /* Resources */,
			);
			buildRules = (
			);
			dependencies = (
				F770D7E1204AD76700AB6AD5 /* PBXTargetDependency */,
			);
			name = Test_gitTests;
			productName = Test_gitTests;
			productReference = F770D7DF204AD76700AB6AD5 /* Test_gitTests.xctest */;
			productType = "com.apple.product-type.bundle.unit-test";
		};
		F770D7E9204AD76700AB6AD5 /* Test_gitUITests */ = {
			isa = PBXNativeTarget;
			buildConfigurationList = F770D7F9204AD76700AB6AD5 /* Build configuration list for PBXNativeTarget "Test_gitUITests" */;
			buildPhases = (
				F770D7E6204AD76700AB6AD5 /* Sources */,
				F770D7E7204AD76700AB6AD5 /* Frameworks */,
				F770D7E8204AD76700AB6AD5 /* Resources */,
			);
			buildRules = (
			);
			dependencies = (
				F770D7EC204AD76700AB6AD5 /* PBXTargetDependency */,
			);
			name = Test_gitUITests;
			productName = Test_gitUITests;
			productReference = F770D7EA204AD76700AB6AD5 /* Test_gitUITests.xctest */;
			productType = "com.apple.product-type.bundle.ui-testing";
		};
/* End PBXNativeTarget section */

/* Begin PBXProject section */
		F770D7BF204AD76700AB6AD5 /* Project object */ = {
			isa = PBXProject;
			attributes = {
				LastUpgradeCheck = 0920;
				ORGANIZATIONNAME = "王鹏";
				TargetAttributes = {
					F770D7C6204AD76700AB6AD5 = {
						CreatedOnToolsVersion = 9.2;
						ProvisioningStyle = Automatic;
					};
					F770D7DE204AD76700AB6AD5 = {
						CreatedOnToolsVersion = 9.2;
						ProvisioningStyle = Automatic;
						TestTargetID = F770D7C6204AD76700AB6AD5;
					};
					F770D7E9204AD76700AB6AD5 = {
						CreatedOnToolsVersion = 9.2;
						ProvisioningStyle = Automatic;
						TestTargetID = F770D7C6204AD76700AB6AD5;
					};
				};
			};
			buildConfigurationList = F770D7C2204AD76700AB6AD5 /* Build configuration list for PBXProject "Test_git" */;
			compatibilityVersion = "Xcode 8.0";
			developmentRegion = en;
			hasScannedForEncodings = 0;
			knownRegions = (
				en,
				Base,
			);
			mainGroup = F770D7BE204AD76700AB6AD5;
			productRefGroup = F770D7C8204AD76700AB6AD5 /* Products */;
			projectDirPath = "";
			projectRoot = "";
			targets = (
				F770D7C6204AD76700AB6AD5 /* Test_git */,
				F770D7DE204AD76700AB6AD5 /* Test_gitTests */,
				F770D7E9204AD76700AB6AD5 /* Test_gitUITests */,
			);
		};
/* End PBXProject section */

/* Begin PBXResourcesBuildPhase section */
		F770D7C5204AD76700AB6AD5 /* Resources */ = {
			isa = PBXResourcesBuildPhase;
			buildActionMask = 2147483647;
			files = (
				F770D7D7204AD76700AB6AD5 /* LaunchScreen.storyboard in Resources */,
				F770D7D4204AD76700AB6AD5 /* Assets.xcassets in Resources */,
				F770D7D2204AD76700AB6AD5 /* Main.storyboard in Resources */,
			);
			runOnlyForDeploymentPostprocessing = 0;
		};
		F770D7DD204AD76700AB6AD5 /* Resources */ = {
			isa = PBXResourcesBuildPhase;
			buildActionMask = 2147483647;
			files = (
			);
			runOnlyForDeploymentPostprocessing = 0;
		};
		F770D7E8204AD76700AB6AD5 /* Resources */ = {
			isa = PBXResourcesBuildPhase;
			buildActionMask = 2147483647;
			files = (
			);
			runOnlyForDeploymentPostprocessing = 0;
		};
/* End PBXResourcesBuildPhase section */

/* Begin PBXSourcesBuildPhase section */
		F770D7C3204AD76700AB6AD5 /* Sources */ = {
			isa = PBXSourcesBuildPhase;
			buildActionMask = 2147483647;
			files = (
				F770D7CF204AD76700AB6AD5 /* ViewController.m in Sources */,
				F770D7DA204AD76700AB6AD5 /* main.m in Sources */,
				F770D7CC204AD76700AB6AD5 /* AppDelegate.m in Sources */,
			);
			runOnlyForDeploymentPostprocessing = 0;
		};
		F770D7DB204AD76700AB6AD5 /* Sources */ = {
			isa = PBXSourcesBuildPhase;
			buildActionMask = 2147483647;
			files = (
				F770D7E4204AD76700AB6AD5 /* Test_gitTests.m in Sources */,
			);
			runOnlyForDeploymentPostprocessing = 0;
		};
		F770D7E6204AD76700AB6AD5 /* Sources */ = {
			isa = PBXSourcesBuildPhase;
			buildActionMask = 2147483647;
			files = (
				F770D7EF204AD76700AB6AD5 /* Test_gitUITests.m in Sources */,
			);
			runOnlyForDeploymentPostprocessing = 0;
		};
/* End PBXSourcesBuildPhase section */

/* Begin PBXTargetDependency section */
		F770D7E1204AD76700AB6AD5 /* PBXTargetDependency */ = {
			isa = PBXTargetDependency;
			target = F770D7C6204AD76700AB6AD5 /* Test_git */;
			targetProxy = F770D7E0204AD76700AB6AD5 /* PBXContainerItemProxy */;
		};
		F770D7EC204AD76700AB6AD5 /* PBXTargetDependency */ = {
			isa = PBXTargetDependency;
			target = F770D7C6204AD76700AB6AD5 /* Test_git */;
			targetProxy = F770D7EB204AD76700AB6AD5 /* PBXContainerItemProxy */;
		};
/* End PBXTargetDependency section */

/* Begin PBXVariantGroup section */
		F770D7D0204AD76700AB6AD5 /* Main.storyboard */ = {
			isa = PBXVariantGroup;
			children = (
				F770D7D1204AD76700AB6AD5 /* Base */,
			);
			name = Main.storyboard;
			sourceTree = "<group>";
		};
		F770D7D5204AD76700AB6AD5 /* LaunchScreen.storyboard */ = {
			isa = PBXVariantGroup;
			children = (
				F770D7D6204AD76700AB6AD5 /* Base */,
			);
			name = LaunchScreen.storyboard;
			sourceTree = "<group>";
		};
/* End PBXVariantGroup section */

/* Begin XCBuildConfiguration section */
		F770D7F1204AD76700AB6AD5 /* Debug */ = {
			isa = XCBuildConfiguration;
			buildSettings = {
				ALWAYS_SEARCH_USER_PATHS = NO;
				CLANG_ANALYZER_NONNULL = YES;
				CLANG_ANALYZER_NUMBER_OBJECT_CONVERSION = YES_AGGRESSIVE;
				CLANG_CXX_LANGUAGE_STANDARD = "gnu++14";
				CLANG_CXX_LIBRARY = "libc++";
				CLANG_ENABLE_MODULES = YES;
				CLANG_ENABLE_OBJC_ARC = YES;
				CLANG_WARN_BLOCK_CAPTURE_AUTORELEASING = YES;
				CLANG_WARN_BOOL_CONVERSION = YES;
				CLANG_WARN_COMMA = YES;
				CLANG_WARN_CONSTANT_CONVERSION = YES;
				CLANG_WARN_DIRECT_OBJC_ISA_USAGE = YES_ERROR;
				CLANG_WARN_DOCUMENTATION_COMMENTS = YES;
				CLANG_WARN_EMPTY_BODY = YES;
				CLANG_WARN_ENUM_CONVERSION = YES;
				CLANG_WARN_INFINITE_RECURSION = YES;
				CLANG_WARN_INT_CONVERSION = YES;
				CLANG_WARN_NON_LITERAL_NULL_CONVERSION = YES;
				CLANG_WARN_OBJC_LITERAL_CONVERSION = YES;
				CLANG_WARN_OBJC_ROOT_CLASS = YES_ERROR;
				CLANG_WARN_RANGE_LOOP_ANALYSIS = YES;
				CLANG_WARN_STRICT_PROTOTYPES = YES;
				CLANG_WARN_SUSPICIOUS_MOVE = YES;
				CLANG_WARN_UNGUARDED_AVAILABILITY = YES_AGGRESSIVE;
				CLANG_WARN_UNREACHABLE_CODE = YES;
				CLANG_WARN__DUPLICATE_METHOD_MATCH = YES;
				CODE_SIGN_IDENTITY = "iPhone Developer";
				COPY_PHASE_STRIP = NO;
				DEBUG_INFORMATION_FORMAT = dwarf;
				ENABLE_STRICT_OBJC_MSGSEND = YES;
				ENABLE_TESTABILITY = YES;
				GCC_C_LANGUAGE_STANDARD = gnu11;
				GCC_DYNAMIC_NO_PIC = NO;
				GCC_NO_COMMON_BLOCKS = YES;
				GCC_OPTIMIZATION_LEVEL = 0;
				GCC_PREPROCESSOR_DEFINITIONS = (
					"DEBUG=1",
					"$(inherited)",
				);
				GCC_WARN_64_TO_32_BIT_CONVERSION = YES;
				GCC_WARN_ABOUT_RETURN_TYPE = YES_ERROR;
				GCC_WARN_UNDECLARED_SELECTOR = YES;
				GCC_WARN_UNINITIALIZED_AUTOS = YES_AGGRESSIVE;
				GCC_WARN_UNUSED_FUNCTION = YES;
				GCC_WARN_UNUSED_VARIABLE = YES;
				IPHONEOS_DEPLOYMENT_TARGET = 11.2;
				MTL_ENABLE_DEBUG_INFO = YES;
				ONLY_ACTIVE_ARCH = YES;
				SDKROOT = iphoneos;
			};
			name = Debug;
		};
		F770D7F2204AD76700AB6AD5 /* Release */ = {
			isa = XCBuildConfiguration;
			buildSettings = {
				ALWAYS_SEARCH_USER_PATHS = NO;
				CLANG_ANALYZER_NONNULL = YES;
				CLANG_ANALYZER_NUMBER_OBJECT_CONVERSION = YES_AGGRESSIVE;
				CLANG_CXX_LANGUAGE_STANDARD = "gnu++14";
				CLANG_CXX_LIBRARY = "libc++";
				CLANG_ENABLE_MODULES = YES;
				CLANG_ENABLE_OBJC_ARC = YES;
				CLANG_WARN_BLOCK_CAPTURE_AUTORELEASING = YES;
				CLANG_WARN_BOOL_CONVERSION = YES;
				CLANG_WARN_COMMA = YES;
				CLANG_WARN_CONSTANT_CONVERSION = YES;
				CLANG_WARN_DIRECT_OBJC_ISA_USAGE = YES_ERROR;
				CLANG_WARN_DOCUMENTATION_COMMENTS = YES;
				CLANG_WARN_EMPTY_BODY = YES;
				CLANG_WARN_ENUM_CONVERSION = YES;
				CLANG_WARN_INFINITE_RECURSION = YES;
				CLANG_WARN_INT_CONVERSION = YES;
				CLANG_WARN_NON_LITERAL_NULL_CONVERSION = YES;
				CLANG_WARN_OBJC_LITERAL_CONVERSION = YES;
				CLANG_WARN_OBJC_ROOT_CLASS = YES_ERROR;
				CLANG_WARN_RANGE_LOOP_ANALYSIS = YES;
				CLANG_WARN_STRICT_PROTOTYPES = YES;
				CLANG_WARN_SUSPICIOUS_MOVE = YES;
				CLANG_WARN_UNGUARDED_AVAILABILITY = YES_AGGRESSIVE;
				CLANG_WARN_UNREACHABLE_CODE = YES;
				CLANG_WARN__DUPLICATE_METHOD_MATCH = YES;
				CODE_SIGN_IDENTITY = "iPhone Developer";
				COPY_PHASE_STRIP = NO;
				DEBUG_INFORMATION_FORMAT = "dwarf-with-dsym";
				ENABLE_NS_ASSERTIONS = NO;
				ENABLE_STRICT_OBJC_MSGSEND = YES;
				GCC_C_LANGUAGE_STANDARD = gnu11;
				GCC_NO_COMMON_BLOCKS = YES;
				GCC_WARN_64_TO_32_BIT_CONVERSION = YES;
				GCC_WARN_ABOUT_RETURN_TYPE = YES_ERROR;
				GCC_WARN_UNDECLARED_SELECTOR = YES;
				GCC_WARN_UNINITIALIZED_AUTOS = YES_AGGRESSIVE;
				GCC_WARN_UNUSED_FUNCTION = YES;
				GCC_WARN_UNUSED_VARIABLE = YES;
				IPHONEOS_DEPLOYMENT_TARGET = 11.2;
				MTL_ENABLE_DEBUG_INFO = NO;
				SDKROOT = iphoneos;
				VALIDATE_PRODUCT = YES;
			};
			name = Release;
		};
		F770D7F4204AD76700AB6AD5 /* Debug */ = {
			isa = XCBuildConfiguration;
			buildSettings = {
				ASSETCATALOG_COMPILER_APPICON_NAME = AppIcon;
				CODE_SIGN_STYLE = Automatic;
				INFOPLIST_FILE = Test_git/Info.plist;
				LD_RUNPATH_SEARCH_PATHS = "$(inherited) @executable_path/Frameworks";
				PRODUCT_BUNDLE_IDENTIFIER = "com.wp.Test-git";
				PRODUCT_NAME = "$(TARGET_NAME)";
				TARGETED_DEVICE_FAMILY = "1,2";
			};
			name = Debug;
		};
		F770D7F5204AD76700AB6AD5 /* Release */ = {
			isa = XCBuildConfiguration;
			buildSettings = {
				ASSETCATALOG_COMPILER_APPICON_NAME = AppIcon;
				CODE_SIGN_STYLE = Automatic;
				INFOPLIST_FILE = Test_git/Info.plist;
				LD_RUNPATH_SEARCH_PATHS = "$(inherited) @executable_path/Frameworks";
				PRODUCT_BUNDLE_IDENTIFIER = "com.wp.Test-git";
				PRODUCT_NAME = "$(TARGET_NAME)";
				TARGETED_DEVICE_FAMILY = "1,2";
			};
			name = Release;
		};
		F770D7F7204AD76700AB6AD5 /* Debug */ = {
			isa = XCBuildConfiguration;
			buildSettings = {
				BUNDLE_LOADER = "$(TEST_HOST)";
				CODE_SIGN_STYLE = Automatic;
				INFOPLIST_FILE = Test_gitTests/Info.plist;
				LD_RUNPATH_SEARCH_PATHS = "$(inherited) @executable_path/Frameworks @loader_path/Frameworks";
				PRODUCT_BUNDLE_IDENTIFIER = "com.wp.Test-gitTests";
				PRODUCT_NAME = "$(TARGET_NAME)";
				TARGETED_DEVICE_FAMILY = "1,2";
				TEST_HOST = "$(BUILT_PRODUCTS_DIR)/Test_git.app/Test_git";
			};
			name = Debug;
		};
		F770D7F8204AD76700AB6AD5 /* Release */ = {
			isa = XCBuildConfiguration;
			buildSettings = {
				BUNDLE_LOADER = "$(TEST_HOST)";
				CODE_SIGN_STYLE = Automatic;
				INFOPLIST_FILE = Test_gitTests/Info.plist;
				LD_RUNPATH_SEARCH_PATHS = "$(inherited) @executable_path/Frameworks @loader_path/Frameworks";
				PRODUCT_BUNDLE_IDENTIFIER = "com.wp.Test-gitTests";
				PRODUCT_NAME = "$(TARGET_NAME)";
				TARGETED_DEVICE_FAMILY = "1,2";
				TEST_HOST = "$(BUILT_PRODUCTS_DIR)/Test_git.app/Test_git";
			};
			name = Release;
		};
		F770D7FA204AD76700AB6AD5 /* Debug */ = {
			isa = XCBuildConfiguration;
			buildSettings = {
				CODE_SIGN_STYLE = Automatic;
				INFOPLIST_FILE = Test_gitUITests/Info.plist;
				LD_RUNPATH_SEARCH_PATHS = "$(inherited) @executable_path/Frameworks @loader_path/Frameworks";
				PRODUCT_BUNDLE_IDENTIFIER = "com.wp.Test-gitUITests";
				PRODUCT_NAME = "$(TARGET_NAME)";
				TARGETED_DEVICE_FAMILY = "1,2";
				TEST_TARGET_NAME = Test_git;
			};
			name = Debug;
		};
		F770D7FB204AD76700AB6AD5 /* Release */ = {
			isa = XCBuildConfiguration;
			buildSettings = {
				CODE_SIGN_STYLE = Automatic;
				INFOPLIST_FILE = Test_gitUITests/Info.plist;
				LD_RUNPATH_SEARCH_PATHS = "$(inherited) @executable_path/Frameworks @loader_path/Frameworks";
				PRODUCT_BUNDLE_IDENTIFIER = "com.wp.Test-gitUITests";
				PRODUCT_NAME = "$(TARGET_NAME)";
				TARGETED_DEVICE_FAMILY = "1,2";
				TEST_TARGET_NAME = Test_git;
			};
			name = Release;
		};
/* End XCBuildConfiguration section */

/* Begin XCConfigurationList section */
		F770D7C2204AD76700AB6AD5 /* Build configuration list for PBXProject "Test_git" */ = {
			isa = XCConfigurationList;
			buildConfigurations = (
				F770D7F1204AD76700AB6AD5 /* Debug */,
				F770D7F2204AD76700AB6AD5 /* Release */,
			);
			defaultConfigurationIsVisible = 0;
			defaultConfigurationName = Release;
		};
		F770D7F3204AD76700AB6AD5 /* Build configuration list for PBXNativeTarget "Test_git" */ = {
			isa = XCConfigurationList;
			buildConfigurations = (
				F770D7F4204AD76700AB6AD5 /* Debug */,
				F770D7F5204AD76700AB6AD5 /* Release */,
			);
			defaultConfigurationIsVisible = 0;
			defaultConfigurationName = Release;
		};
		F770D7F6204AD76700AB6AD5 /* Build configuration list for PBXNativeTarget "Test_gitTests" */ = {
			isa = XCConfigurationList;
			buildConfigurations = (
				F770D7F7204AD76700AB6AD5 /* Debug */,
				F770D7F8204AD76700AB6AD5 /* Release */,
			);
			defaultConfigurationIsVisible = 0;
			defaultConfigurationName = Release;
		};
		F770D7F9204AD76700AB6AD5 /* Build configuration list for PBXNativeTarget "Test_gitUITests" */ = {
			isa = XCConfigurationList;
			buildConfigurations = (
				F770D7FA204AD76700AB6AD5 /* Debug */,
				F770D7FB204AD76700AB6AD5 /* Release */,
			);
			defaultConfigurationIsVisible = 0;
			defaultConfigurationName = Release;
		};
/* End XCConfigurationList section */
	};
	rootObject = F770D7BF204AD76700AB6AD5 /* Project object */;
}
